# This file is autogenerated, do not edit; changes may be undone by the next 'dep ensure'.


[[projects]]
  branch = "master"
  digest = "1:58cbc9847816e62c6c6ca5f87e25973b40781c6e10e2304e28b3dabbe4e130dc"
  name = "github.com/go-gl/glfw"
  packages = [
    "v3.3/glfw",
    "v3.3/glfw/glfw/deps",
    "v3.3/glfw/glfw/deps/glad",
    "v3.3/glfw/glfw/deps/mingw",
    "v3.3/glfw/glfw/deps/vs2008",
    "v3.3/glfw/glfw/include/GLFW",
    "v3.3/glfw/glfw/src",
  ]
  pruneopts = "UT"
  revision = "5321531c36a27bf07a44ce335c3fc26b284183c3"

[[projects]]
  branch = "master"
  digest = "1:62c57507df491b657e9ae2645f30958d9964c8eeb380600469eedc951ebb3a0e"
  name = "github.com/golang/freetype"
  packages = [
    "raster",
    "truetype",
  ]
  pruneopts = "UT"
  revision = "e2365dfdc4a05e4b8299a783240d4a7d5a65d4e4"

[[projects]]
  digest = "1:83216f7b2e3394b9144773de838eeb3de917cdfe0888919c850617a708e283a1"
  name = "github.com/hajimehoshi/ebiten"
  packages = [
    ".",
    "ebitenutil",
    "ebitenutil/internal/assets",
    "examples/resources/fonts",
    "inpututil",
    "internal/affine",
    "internal/buffered",
    "internal/clock",
    "internal/colormcache",
    "internal/devicescale",
    "internal/driver",
    "internal/glfw",
    "internal/graphics",
    "internal/graphicscommand",
    "internal/graphicsdriver/metal",
    "internal/graphicsdriver/metal/ca",
    "internal/graphicsdriver/metal/mtl",
    "internal/graphicsdriver/metal/ns",
    "internal/graphicsdriver/opengl",
    "internal/graphicsdriver/opengl/gl",
    "internal/hooks",
    "internal/jsutil",
    "internal/mipmap",
    "internal/packing",
    "internal/png",
    "internal/restorable",
    "internal/shader",
    "internal/shaderir",
    "internal/shaderir/glsl",
    "internal/shaderir/metal",
    "internal/shareable",
    "internal/thread",
    "internal/uidriver/glfw",
    "internal/uidriver/js",
    "internal/uidriver/mobile",
    "internal/web",
    "text",
  ]
  pruneopts = "UT"
  revision = "320282667f6210b622b4fede26382c21e6521bb0"
  version = "v1.12.2"

[[projects]]
  branch = "master"
  digest = "1:37947f1d32de55da3b68f5fbc37e6eaa5ef4e9e9367c7ab0b67300cf3a9d16f6"
  name = "github.com/hajimehoshi/file2byteslice"
  packages = ["."]
  pruneopts = "UT"
  revision = "0e5e8a80490e242a6329a2bf304c62852be1d2d1"

[[projects]]
  branch = "master"
  digest = "1:bd0386f82340fd1d7aa5a0046af0c39a7de15dadcddc1688e64255aba372a600"
  name = "golang.org/x/exp"
  packages = [
    "shiny/driver/gldriver",
    "shiny/driver/internal/drawer",
    "shiny/driver/internal/errscreen",
    "shiny/driver/internal/event",
    "shiny/driver/internal/lifecycler",
    "shiny/driver/internal/win32",
    "shiny/driver/internal/x11key",
    "shiny/screen",
  ]
  pruneopts = "UT"
  revision = "e3b2a7f2fdc7db2d7d3d2986c810bef1c907ac5a"

[[projects]]
  branch = "master"
  digest = "1:d9cbed0c6b3e34fb8481c8ca70feaf8c671e1abca3c35124ede8b7c3f651c0fc"
  name = "golang.org/x/image"
  packages = [
    "font",
    "math/f64",
    "math/fixed",
  ]
  pruneopts = "UT"
  revision = "e162460cd6b5176292c0a160614547bab9a90788"

[[projects]]
  branch = "master"
  digest = "1:42e489525b1728903ecf7aaa83ef951a185d47e1cd2fcf14c727c9320f54b498"
  name = "golang.org/x/mobile"
  packages = [
    "app",
    "app/internal/callfn",
    "event/key",
    "event/lifecycle",
    "event/mouse",
    "event/paint",
    "event/size",
    "event/touch",
    "geom",
    "gl",
    "internal/mobileinit",
  ]
  pruneopts = "UT"
  revision = "973feb4309de5c3aad0553fc987d76abf1fa58f7"

[[projects]]
  branch = "master"
  digest = "1:b521f10a2d8fa85c04a8ef4e62f2d1e14d303599a55d64dabf9f5a02f84d35eb"
  name = "golang.org/x/sync"
  packages = ["errgroup"]
  pruneopts = "UT"
  revision = "67f06af15bc961c363a7260195bcd53487529a21"

[[projects]]
  branch = "master"
  digest = "1:0886009a83a3d3bc7ff525223d194efb1d2b49f3dca9d2c272aa377e6b9052b8"
  name = "golang.org/x/sys"
  packages = [
    "internal/unsafeheader",
    "windows",
  ]
  pruneopts = "UT"
  revision = "fb209a7c41cd8505b3b047ae14763a4d3d06fa19"

[[projects]]
  branch = "master"
  digest = "1:f30059d563f8645861cd37f1a67177f32cc7ec0929c1a71414c975b78d54ae15"
  name = "golang.org/x/tools"
  packages = ["go/ast/astutil"]
  pruneopts = "UT"
  revision = "c8cfbd0f21e6146422c1927945569c9c855a56bc"

[solve-meta]
  analyzer-name = "dep"
  analyzer-version = 1
  input-imports = [
    "github.com/golang/freetype/truetype",
    "github.com/hajimehoshi/ebiten",
    "github.com/hajimehoshi/ebiten/ebitenutil",
    "github.com/hajimehoshi/ebiten/examples/resources/fonts",
    "github.com/hajimehoshi/ebiten/inpututil",
    "github.com/hajimehoshi/ebiten/text",
    "golang.org/x/image/font",
  ]
  solver-name = "gps-cdcl"
  solver-version = 1
